
Microsoft Visual Studio Solution File, Format Version 12.00
# Visual Studio 15
Project("{FAE04EC0-301F-11D3-BF4B-00C04F79EFBC}") = "CountUnivalTree", "CountUnivalTree.csproj", "{B0EC495A-644F-4D17-8985-EA0D3D6773EA}"
EndProject
Global
	GlobalSection(SolutionConfigurationPlatforms) = preSolution
		Debug|Any CPU = Debug|Any CPU
		Release|Any CPU = Release|Any CPU
	EndGlobalSection
	GlobalSection(ProjectConfigurationPlatforms) = postSolution
		{B0EC495A-644F-4D17-8985-EA0D3D6773EA}.Debug|Any CPU.ActiveCfg = Debug|Any CPU
		{B0EC495A-644F-4D17-8985-EA0D3D6773EA}.Debug|Any CPU.Build.0 = Debug|Any CPU
		{B0EC495A-644F-4D17-8985-EA0D3D6773EA}.Release|Any CPU.ActiveCfg = Release|Any CPU
		{B0EC495A-644F-4D17-8985-EA0D3D6773EA}.Release|Any CPU.Build.0 = Release|Any CPU
	EndGlobalSection
EndGlobal
